// !$*UTF8*$!
{
	archiveVersion = 1;
	classes = {
	};
	objectVersion = 48;
	objects = {

/* Begin PBXBuildFile section */
		DAB4A41C2062A92C0078C939 /* AppDelegate.swift in Sources */ = {isa = PBXBuildFile; fileRef = DAB4A41B2062A92C0078C939 /* AppDelegate.swift */; };
		DAB4A41E2062A92C0078C939 /* ViewController.swift in Sources */ = {isa = PBXBuildFile; fileRef = DAB4A41D2062A92C0078C939 /* ViewController.swift */; };
		DAB4A4212062A92C0078C939 /* Main.storyboard in Resources */ = {isa = PBXBuildFile; fileRef = DAB4A41F2062A92C0078C939 /* Main.storyboard */; };
		DAB4A4232062A92C0078C939 /* Assets.xcassets in Resources */ = {isa = PBXBuildFile; fileRef = DAB4A4222062A92C0078C939 /* Assets.xcassets */; };
		DAB4A4262062A92C0078C939 /* LaunchScreen.storyboard in Resources */ = {isa = PBXBuildFile; fileRef = DAB4A4242062A92C0078C939 /* LaunchScreen.storyboard */; };
		DAB4A42E2062B3690078C939 /* CenterAlignedCollectionViewFlowLayout.swift in Sources */ = {isa = PBXBuildFile; fileRef = DAB4A42D2062B3690078C939 /* CenterAlignedCollectionViewFlowLayout.swift */; };
/* End PBXBuildFile section */

/* Begin PBXFileReference section */
		DAB4A4182062A92C0078C939 /* CenterLayout.app */ = {isa = PBXFileReference; explicitFileType = wrapper.application; includeInIndex = 0; path = CenterLayout.app; sourceTree = BUILT_PRODUCTS_DIR; };
		DAB4A41B2062A92C0078C939 /* AppDelegate.swift */ = {isa = PBXFileReference; lastKnownFileType = sourcecode.swift; path = AppDelegate.swift; sourceTree = "<group>"; };
		DAB4A41D2062A92C0078C939 /* ViewController.swift */ = {isa = PBXFileReference; lastKnownFileType = sourcecode.swift; path = ViewController.swift; sourceTree = "<group>"; };
		DAB4A4202062A92C0078C939 /* Base */ = {isa = PBXFileReference; lastKnownFileType = file.storyboard; name = Base; path = Base.lproj/Main.storyboard; sourceTree = "<group>"; };
		DAB4A4222062A92C0078C939 /* Assets.xcassets */ = {isa = PBXFileReference; lastKnownFileType = folder.assetcatalog; path = Assets.xcassets; sourceTree = "<group>"; };
		DAB4A4252062A92C0078C939 /* Base */ = {isa = PBXFileReference; lastKnownFileType = file.storyboard; name = Base; path = Base.lproj/LaunchScreen.storyboard; sourceTree = "<group>"; };
		DAB4A4272062A92C0078C939 /* Info.plist */ = {isa = PBXFileReference; lastKnownFileType = text.plist.xml; path = Info.plist; sourceTree = "<group>"; };
		DAB4A42D2062B3690078C939 /* CenterAlignedCollectionViewFlowLayout.swift */ = {isa = PBXFileReference; lastKnownFileType = sourcecode.swift; path = CenterAlignedCollectionViewFlowLayout.swift; sourceTree = "<group>"; };
/* End PBXFileReference section */

/* Begin PBXFrameworksBuildPhase section */
		DAB4A4152062A92C0078C939 /* Frameworks */ = {
			isa = PBXFrameworksBuildPhase;
			buildActionMask = 2147483647;
			files = (
			);
			runOnlyForDeploymentPostprocessing = 0;
		};
/* End PBXFrameworksBuildPhase section */

/* Begin PBXGroup section */
		DAB4A40F2062A92C0078C939 = {
			isa = PBXGroup;
			children = (
				DAB4A41A2062A92C0078C939 /* CenterLayout */,
				DAB4A4192062A92C0078C939 /* Products */,
			);
			sourceTree = "<group>";
		};
		DAB4A4192062A92C0078C939 /* Products */ = {
			isa = PBXGroup;
			children = (
				DAB4A4182062A92C0078C939 /* CenterLayout.app */,
			);
			name = Products;
			sourceTree = "<group>";
		};
		DAB4A41A2062A92C0078C939 /* CenterLayout */ = {
			isa = PBXGroup;
			children = (
				DAB4A41B2062A92C0078C939 /* AppDelegate.swift */,
				DAB4A41D2062A92C0078C939 /* ViewController.swift */,
				DAB4A42D2062B3690078C939 /* CenterAlignedCollectionViewFlowLayout.swift */,
				DAB4A41F2062A92C0078C939 /* Main.storyboard */,
				DAB4A4222062A92C0078C939 /* Assets.xcassets */,
				DAB4A4242062A92C0078C939 /* LaunchScreen.storyboard */,
				DAB4A4272062A92C0078C939 /* Info.plist */,
			);
			path = CenterLayout;
			sourceTree = "<group>";
		};
/* End PBXGroup section */

/* Begin PBXNativeTarget section */
		DAB4A4172062A92C0078C939 /* CenterLayout */ = {
			isa = PBXNativeTarget;
			buildConfigurationList = DAB4A42A2062A92C0078C939 /* Build configuration list for PBXNativeTarget "CenterLayout" */;
			buildPhases = (
				DAB4A4142062A92C0078C939 /* Sources */,
				DAB4A4152062A92C0078C939 /* Frameworks */,
				DAB4A4162062A92C0078C939 /* Resources */,
			);
			buildRules = (
			);
			dependencies = (
			);
			name = CenterLayout;
			productName = CenterLayout;
			productReference = DAB4A4182062A92C0078C939 /* CenterLayout.app */;
			productType = "com.apple.product-type.application";
		};
/* End PBXNativeTarget section */

/* Begin PBXProject section */
		DAB4A4102062A92C0078C939 /* Project object */ = {
			isa = PBXProject;
			attributes = {
				LastSwiftUpdateCheck = 0920;
				LastUpgradeCheck = 0920;
				ORGANIZATIONNAME = Stefanie;
				TargetAttributes = {
					DAB4A4172062A92C0078C939 = {
						CreatedOnToolsVersion = 9.2;
						ProvisioningStyle = Automatic;
					};
				};
			};
			buildConfigurationList = DAB4A4132062A92C0078C939 /* Build configuration list for PBXProject "CenterLayout" */;
			compatibilityVersion = "Xcode 8.0";
			developmentRegion = en;
			hasScannedForEncodings = 0;
			knownRegions = (
				en,
				Base,
			);
			mainGroup = DAB4A40F2062A92C0078C939;
			productRefGroup = DAB4A4192062A92C0078C939 /* Products */;
			projectDirPath = "";
			projectRoot = "";
			targets = (
				DAB4A4172062A92C0078C939 /* CenterLayout */,
			);
		};
/* End PBXProject section */

/* Begin PBXResourcesBuildPhase section */
		DAB4A4162062A92C0078C939 /* Resources */ = {
			isa = PBXResourcesBuildPhase;
			buildActionMask = 2147483647;
			files = (
				DAB4A4262062A92C0078C939 /* LaunchScreen.storyboard in Resources */,
				DAB4A4232062A92C0078C939 /* Assets.xcassets in Resources */,
				DAB4A4212062A92C0078C939 /* Main.storyboard in Resources */,
			);
			runOnlyForDeploymentPostprocessing = 0;
		};
/* End PBXResourcesBuildPhase section */

/* Begin PBXSourcesBuildPhase section */
		DAB4A4142062A92C0078C939 /* Sources */ = {
			isa = PBXSourcesBuildPhase;
			buildActionMask = 2147483647;
			files = (
				DAB4A41E2062A92C0078C939 /* ViewController.swift in Sources */,
				DAB4A42E2062B3690078C939 /* CenterAlignedCollectionViewFlowLayout.swift in Sources */,
				DAB4A41C2062A92C0078C939 /* AppDelegate.swift in Sources */,
			);
			runOnlyForDeploymentPostprocessing = 0;
		};
/* End PBXSourcesBuildPhase section */

/* Begin PBXVariantGroup section */
		DAB4A41F2062A92C0078C939 /* Main.storyboard */ = {
			isa = PBXVariantGroup;
			children = (
				DAB4A4202062A92C0078C939 /* Base */,
			);
			name = Main.storyboard;
			sourceTree = "<group>";
		};
		DAB4A4242062A92C0078C939 /* LaunchScreen.storyboard */ = {
			isa = PBXVariantGroup;
			children = (
				DAB4A4252062A92C0078C939 /* Base */,
			);
			name = LaunchScreen.storyboard;
			sourceTree = "<group>";
		};
/* End PBXVariantGroup section */

/* Begin XCBuildConfiguration section */
		DAB4A4282062A92C0078C939 /* Debug */ = {
			isa = XCBuildConfiguration;
			buildSettings = {
				ALWAYS_SEARCH_USER_PATHS = NO;
				CLANG_ANALYZER_NONNULL = YES;
				CLANG_ANALYZER_NUMBER_OBJECT_CONVERSION = YES_AGGRESSIVE;
				CLANG_CXX_LANGUAGE_STANDARD = "gnu++14";
				CLANG_CXX_LIBRARY = "libc++";
				CLANG_ENABLE_MODULES = YES;
				CLANG_ENABLE_OBJC_ARC = YES;
				CLANG_WARN_BLOCK_CAPTURE_AUTORELEASING = YES;
				CLANG_WARN_BOOL_CONVERSION = YES;
				CLANG_WARN_COMMA = YES;
				CLANG_WARN_CONSTANT_CONVERSION = YES;
				CLANG_WARN_DIRECT_OBJC_ISA_USAGE = YES_ERROR;
				CLANG_WARN_DOCUMENTATION_COMMENTS = YES;
				CLANG_WARN_EMPTY_BODY = YES;
				CLANG_WARN_ENUM_CONVERSION = YES;
				CLANG_WARN_INFINITE_RECURSION = YES;
				CLANG_WARN_INT_CONVERSION = YES;
				CLANG_WARN_NON_LITERAL_NULL_CONVERSION = YES;
				CLANG_WARN_OBJC_LITERAL_CONVERSION = YES;
				CLANG_WARN_OBJC_ROOT_CLASS = YES_ERROR;
				CLANG_WARN_RANGE_LOOP_ANALYSIS = YES;
				CLANG_WARN_STRICT_PROTOTYPES = YES;
				CLANG_WARN_SUSPICIOUS_MOVE = YES;
				CLANG_WARN_UNGUARDED_AVAILABILITY = YES_AGGRESSIVE;
				CLANG_WARN_UNREACHABLE_CODE = YES;
				CLANG_WARN__DUPLICATE_METHOD_MATCH = YES;
				CODE_SIGN_IDENTITY = "iPhone Developer";
				COPY_PHASE_STRIP = NO;
				DEBUG_INFORMATION_FORMAT = dwarf;
				ENABLE_STRICT_OBJC_MSGSEND = YES;
				ENABLE_TESTABILITY = YES;
				GCC_C_LANGUAGE_STANDARD = gnu11;
				GCC_DYNAMIC_NO_PIC = NO;
				GCC_NO_COMMON_BLOCKS = YES;
				GCC_OPTIMIZATION_LEVEL = 0;
				GCC_PREPROCESSOR_DEFINITIONS = (
					"DEBUG=1",
					"$(inherited)",
				);
				GCC_WARN_64_TO_32_BIT_CONVERSION = YES;
				GCC_WARN_ABOUT_RETURN_TYPE = YES_ERROR;
				GCC_WARN_UNDECLARED_SELECTOR = YES;
				GCC_WARN_UNINITIALIZED_AUTOS = YES_AGGRESSIVE;
				GCC_WARN_UNUSED_FUNCTION = YES;
				GCC_WARN_UNUSED_VARIABLE = YES;
				IPHONEOS_DEPLOYMENT_TARGET = 11.2;
				MTL_ENABLE_DEBUG_INFO = YES;
				ONLY_ACTIVE_ARCH = YES;
				SDKROOT = iphoneos;
				SWIFT_ACTIVE_COMPILATION_CONDITIONS = DEBUG;
				SWIFT_OPTIMIZATION_LEVEL = "-Onone";
			};
			name = Debug;
		};
		DAB4A4292062A92C0078C939 /* Release */ = {
			isa = XCBuildConfiguration;
			buildSettings = {
				ALWAYS_SEARCH_USER_PATHS = NO;
				CLANG_ANALYZER_NONNULL = YES;
				CLANG_ANALYZER_NUMBER_OBJECT_CONVERSION = YES_AGGRESSIVE;
				CLANG_CXX_LANGUAGE_STANDARD = "gnu++14";
				CLANG_CXX_LIBRARY = "libc++";
				CLANG_ENABLE_MODULES = YES;
				CLANG_ENABLE_OBJC_ARC = YES;
				CLANG_WARN_BLOCK_CAPTURE_AUTORELEASING = YES;
				CLANG_WARN_BOOL_CONVERSION = YES;
				CLANG_WARN_COMMA = YES;
				CLANG_WARN_CONSTANT_CONVERSION = YES;
				CLANG_WARN_DIRECT_OBJC_ISA_USAGE = YES_ERROR;
				CLANG_WARN_DOCUMENTATION_COMMENTS = YES;
				CLANG_WARN_EMPTY_BODY = YES;
				CLANG_WARN_ENUM_CONVERSION = YES;
				CLANG_WARN_INFINITE_RECURSION = YES;
				CLANG_WARN_INT_CONVERSION = YES;
				CLANG_WARN_NON_LITERAL_NULL_CONVERSION = YES;
				CLANG_WARN_OBJC_LITERAL_CONVERSION = YES;
				CLANG_WARN_OBJC_ROOT_CLASS = YES_ERROR;
				CLANG_WARN_RANGE_LOOP_ANALYSIS = YES;
				CLANG_WARN_STRICT_PROTOTYPES = YES;
				CLANG_WARN_SUSPICIOUS_MOVE = YES;
				CLANG_WARN_UNGUARDED_AVAILABILITY = YES_AGGRESSIVE;
				CLANG_WARN_UNREACHABLE_CODE = YES;
				CLANG_WARN__DUPLICATE_METHOD_MATCH = YES;
				CODE_SIGN_IDENTITY = "iPhone Developer";
				COPY_PHASE_STRIP = NO;
				DEBUG_INFORMATION_FORMAT = "dwarf-with-dsym";
				ENABLE_NS_ASSERTIONS = NO;
				ENABLE_STRICT_OBJC_MSGSEND = YES;
				GCC_C_LANGUAGE_STANDARD = gnu11;
				GCC_NO_COMMON_BLOCKS = YES;
				GCC_WARN_64_TO_32_BIT_CONVERSION = YES;
				GCC_WARN_ABOUT_RETURN_TYPE = YES_ERROR;
				GCC_WARN_UNDECLARED_SELECTOR = YES;
				GCC_WARN_UNINITIALIZED_AUTOS = YES_AGGRESSIVE;
				GCC_WARN_UNUSED_FUNCTION = YES;
				GCC_WARN_UNUSED_VARIABLE = YES;
				IPHONEOS_DEPLOYMENT_TARGET = 11.2;
				MTL_ENABLE_DEBUG_INFO = NO;
				SDKROOT = iphoneos;
				SWIFT_OPTIMIZATION_LEVEL = "-Owholemodule";
				VALIDATE_PRODUCT = YES;
			};
			name = Release;
		};
		DAB4A42B2062A92C0078C939 /* Debug */ = {
			isa = XCBuildConfiguration;
			buildSettings = {
				ASSETCATALOG_COMPILER_APPICON_NAME = AppIcon;
				CODE_SIGN_STYLE = Automatic;
				DEVELOPMENT_TEAM = PDZX3V7DSY;
				INFOPLIST_FILE = CenterLayout/Info.plist;
				LD_RUNPATH_SEARCH_PATHS = "$(inherited) @executable_path/Frameworks";
				PRODUCT_BUNDLE_IDENTIFIER = com.tlz.CenterLayout;
				PRODUCT_NAME = "$(TARGET_NAME)";
				SWIFT_VERSION = 4.0;
				TARGETED_DEVICE_FAMILY = "1,2";
			};
			name = Debug;
		};
		DAB4A42C2062A92C0078C939 /* Release */ = {
			isa = XCBuildConfiguration;
			buildSettings = {
				ASSETCATALOG_COMPILER_APPICON_NAME = AppIcon;
				CODE_SIGN_STYLE = Automatic;
				DEVELOPMENT_TEAM = PDZX3V7DSY;
				INFOPLIST_FILE = CenterLayout/Info.plist;
				LD_RUNPATH_SEARCH_PATHS = "$(inherited) @executable_path/Frameworks";
				PRODUCT_BUNDLE_IDENTIFIER = com.tlz.CenterLayout;
				PRODUCT_NAME = "$(TARGET_NAME)";
				SWIFT_VERSION = 4.0;
				TARGETED_DEVICE_FAMILY = "1,2";
			};
			name = Release;
		};
/* End XCBuildConfiguration section */

/* Begin XCConfigurationList section */
		DAB4A4132062A92C0078C939 /* Build configuration list for PBXProject "CenterLayout" */ = {
			isa = XCConfigurationList;
			buildConfigurations = (
				DAB4A4282062A92C0078C939 /* Debug */,
				DAB4A4292062A92C0078C939 /* Release */,
			);
			defaultConfigurationIsVisible = 0;
			defaultConfigurationName = Release;
		};
		DAB4A42A2062A92C0078C939 /* Build configuration list for PBXNativeTarget "CenterLayout" */ = {
			isa = XCConfigurationList;
			buildConfigurations = (
				DAB4A42B2062A92C0078C939 /* Debug */,
				DAB4A42C2062A92C0078C939 /* Release */,
			);
			defaultConfigurationIsVisible = 0;
			defaultConfigurationName = Release;
		};
/* End XCConfigurationList section */
	};
	rootObject = DAB4A4102062A92C0078C939 /* Project object */;
}
